
Microsoft Visual Studio Solution File, Format Version 12.00
# Visual Studio Version 16
VisualStudioVersion = 16.0.30204.135
MinimumVisualStudioVersion = 15.0.26124.0
Project("{9A19103F-16F7-4668-BE54-9A1E7A4F7556}") = "PrimLib", "PrimLib\PrimLib.csproj", "{03A81F76-0A70-4F7F-B37F-4DFE84476CCB}"
EndProject
Project("{9A19103F-16F7-4668-BE54-9A1E7A4F7556}") = "PrimLibTests", "PrimLibTests\PrimLibTests.csproj", "{F2A2A099-E0C1-4A03-B1B8-DC0E943D584E}"
EndProject
Project("{9A19103F-16F7-4668-BE54-9A1E7A4F7556}") = "PrimDesignLib", "PrimDesignLib\PrimDesignLib.csproj", "{A7BDF97A-D655-40B8-9D2A-A34356935A2C}"
EndProject
Project("{9A19103F-16F7-4668-BE54-9A1E7A4F7556}") = "PrimDesignLibTests", "PrimDesignLibTests\PrimDesignLibTests.csproj", "{EEBCDB08-CAF4-4328-BA49-2280B5F4BDF8}"
EndProject
Global
	GlobalSection(SolutionConfigurationPlatforms) = preSolution
		Debug|Any CPU = Debug|Any CPU
		Debug|x64 = Debug|x64
		Debug|x86 = Debug|x86
		Release|Any CPU = Release|Any CPU
		Release|x64 = Release|x64
		Release|x86 = Release|x86
	EndGlobalSection
	GlobalSection(ProjectConfigurationPlatforms) = postSolution
		{03A81F76-0A70-4F7F-B37F-4DFE84476CCB}.Debug|Any CPU.ActiveCfg = Debug|Any CPU
		{03A81F76-0A70-4F7F-B37F-4DFE84476CCB}.Debug|Any CPU.Build.0 = Debug|Any CPU
		{03A81F76-0A70-4F7F-B37F-4DFE84476CCB}.Debug|x64.ActiveCfg = Debug|Any CPU
		{03A81F76-0A70-4F7F-B37F-4DFE84476CCB}.Debug|x64.Build.0 = Debug|Any CPU
		{03A81F76-0A70-4F7F-B37F-4DFE84476CCB}.Debug|x86.ActiveCfg = Debug|Any CPU
		{03A81F76-0A70-4F7F-B37F-4DFE84476CCB}.Debug|x86.Build.0 = Debug|Any CPU
		{03A81F76-0A70-4F7F-B37F-4DFE84476CCB}.Release|Any CPU.ActiveCfg = Release|Any CPU
		{03A81F76-0A70-4F7F-B37F-4DFE84476CCB}.Release|Any CPU.Build.0 = Release|Any CPU
		{03A81F76-0A70-4F7F-B37F-4DFE84476CCB}.Release|x64.ActiveCfg = Release|Any CPU
		{03A81F76-0A70-4F7F-B37F-4DFE84476CCB}.Release|x64.Build.0 = Release|Any CPU
		{03A81F76-0A70-4F7F-B37F-4DFE84476CCB}.Release|x86.ActiveCfg = Release|Any CPU
		{03A81F76-0A70-4F7F-B37F-4DFE84476CCB}.Release|x86.Build.0 = Release|Any CPU
		{F2A2A099-E0C1-4A03-B1B8-DC0E943D584E}.Debug|Any CPU.ActiveCfg = Debug|Any CPU
		{F2A2A099-E0C1-4A03-B1B8-DC0E943D584E}.Debug|Any CPU.Build.0 = Debug|Any CPU
		{F2A2A099-E0C1-4A03-B1B8-DC0E943D584E}.Debug|x64.ActiveCfg = Debug|Any CPU
		{F2A2A099-E0C1-4A03-B1B8-DC0E943D584E}.Debug|x64.Build.0 = Debug|Any CPU
		{F2A2A099-E0C1-4A03-B1B8-DC0E943D584E}.Debug|x86.ActiveCfg = Debug|Any CPU
		{F2A2A099-E0C1-4A03-B1B8-DC0E943D584E}.Debug|x86.Build.0 = Debug|Any CPU
		{F2A2A099-E0C1-4A03-B1B8-DC0E943D584E}.Release|Any CPU.ActiveCfg = Release|Any CPU
		{F2A2A099-E0C1-4A03-B1B8-DC0E943D584E}.Release|Any CPU.Build.0 = Release|Any CPU
		{F2A2A099-E0C1-4A03-B1B8-DC0E943D584E}.Release|x64.ActiveCfg = Release|Any CPU
		{F2A2A099-E0C1-4A03-B1B8-DC0E943D584E}.Release|x64.Build.0 = Release|Any CPU
		{F2A2A099-E0C1-4A03-B1B8-DC0E943D584E}.Release|x86.ActiveCfg = Release|Any CPU
		{F2A2A099-E0C1-4A03-B1B8-DC0E943D584E}.Release|x86.Build.0 = Release|Any CPU
		{A7BDF97A-D655-40B8-9D2A-A34356935A2C}.Debug|Any CPU.ActiveCfg = Debug|Any CPU
		{A7BDF97A-D655-40B8-9D2A-A34356935A2C}.Debug|Any CPU.Build.0 = Debug|Any CPU
		{A7BDF97A-D655-40B8-9D2A-A34356935A2C}.Debug|x64.ActiveCfg = Debug|Any CPU
		{A7BDF97A-D655-40B8-9D2A-A34356935A2C}.Debug|x64.Build.0 = Debug|Any CPU
		{A7BDF97A-D655-40B8-9D2A-A34356935A2C}.Debug|x86.ActiveCfg = Debug|Any CPU
		{A7BDF97A-D655-40B8-9D2A-A34356935A2C}.Debug|x86.Build.0 = Debug|Any CPU
		{A7BDF97A-D655-40B8-9D2A-A34356935A2C}.Release|Any CPU.ActiveCfg = Release|Any CPU
		{A7BDF97A-D655-40B8-9D2A-A34356935A2C}.Release|Any CPU.Build.0 = Release|Any CPU
		{A7BDF97A-D655-40B8-9D2A-A34356935A2C}.Release|x64.ActiveCfg = Release|Any CPU
		{A7BDF97A-D655-40B8-9D2A-A34356935A2C}.Release|x64.Build.0 = Release|Any CPU
		{A7BDF97A-D655-40B8-9D2A-A34356935A2C}.Release|x86.ActiveCfg = Release|Any CPU
		{A7BDF97A-D655-40B8-9D2A-A34356935A2C}.Release|x86.Build.0 = Release|Any CPU
		{EEBCDB08-CAF4-4328-BA49-2280B5F4BDF8}.Debug|Any CPU.ActiveCfg = Debug|Any CPU
		{EEBCDB08-CAF4-4328-BA49-2280B5F4BDF8}.Debug|Any CPU.Build.0 = Debug|Any CPU
		{EEBCDB08-CAF4-4328-BA49-2280B5F4BDF8}.Debug|x64.ActiveCfg = Debug|Any CPU
		{EEBCDB08-CAF4-4328-BA49-2280B5F4BDF8}.Debug|x64.Build.0 = Debug|Any CPU
		{EEBCDB08-CAF4-4328-BA49-2280B5F4BDF8}.Debug|x86.ActiveCfg = Debug|Any CPU
		{EEBCDB08-CAF4-4328-BA49-2280B5F4BDF8}.Debug|x86.Build.0 = Debug|Any CPU
		{EEBCDB08-CAF4-4328-BA49-2280B5F4BDF8}.Release|Any CPU.ActiveCfg = Release|Any CPU
		{EEBCDB08-CAF4-4328-BA49-2280B5F4BDF8}.Release|Any CPU.Build.0 = Release|Any CPU
		{EEBCDB08-CAF4-4328-BA49-2280B5F4BDF8}.Release|x64.ActiveCfg = Release|Any CPU
		{EEBCDB08-CAF4-4328-BA49-2280B5F4BDF8}.Release|x64.Build.0 = Release|Any CPU
		{EEBCDB08-CAF4-4328-BA49-2280B5F4BDF8}.Release|x86.ActiveCfg = Release|Any CPU
		{EEBCDB08-CAF4-4328-BA49-2280B5F4BDF8}.Release|x86.Build.0 = Release|Any CPU
	EndGlobalSection
	GlobalSection(SolutionProperties) = preSolution
		HideSolutionNode = FALSE
	EndGlobalSection
	GlobalSection(ExtensibilityGlobals) = postSolution
		SolutionGuid = {90E69A99-7AB7-4152-8EFD-C93A7115BBEE}
	EndGlobalSection
EndGlobal
